// !$*UTF8*$!
{
	archiveVersion = 1;
	classes = {
	};
	objectVersion = 50;
	objects = {

/* Begin PBXBuildFile section */
		424BD34720B69C74007FB27D /* Context.swift in Sources */ = {isa = PBXBuildFile; fileRef = 424BD34620B69C74007FB27D /* Context.swift */; };
		424BD34A20B69F9B007FB27D /* NetworkRequest.swift in Sources */ = {isa = PBXBuildFile; fileRef = 424BD34920B69F9B007FB27D /* NetworkRequest.swift */; };
		424BD34E20B6D506007FB27D /* APIConfiguration.swift in Sources */ = {isa = PBXBuildFile; fileRef = 424BD34D20B6D506007FB27D /* APIConfiguration.swift */; };
		424BD35220B6DAA5007FB27D /* NetworkContext.swift in Sources */ = {isa = PBXBuildFile; fileRef = 424BD35120B6DAA5007FB27D /* NetworkContext.swift */; };
		424BD36C20B82B85007FB27D /* Main.storyboard in Resources */ = {isa = PBXBuildFile; fileRef = 424BD36A20B82B85007FB27D /* Main.storyboard */; };
		424BD37420B83143007FB27D /* LoginContext.swift in Sources */ = {isa = PBXBuildFile; fileRef = 424BD37220B83143007FB27D /* LoginContext.swift */; };
		424BD37520B83143007FB27D /* SignUpContext.swift in Sources */ = {isa = PBXBuildFile; fileRef = 424BD37320B83143007FB27D /* SignUpContext.swift */; };
		424BD37820B8314C007FB27D /* Session.swift in Sources */ = {isa = PBXBuildFile; fileRef = 424BD37720B8314C007FB27D /* Session.swift */; };
		4294942E20B55B8F00E27E77 /* AppDelegate.swift in Sources */ = {isa = PBXBuildFile; fileRef = 4294942D20B55B8F00E27E77 /* AppDelegate.swift */; };
		4294943020B55B8F00E27E77 /* ViewController.swift in Sources */ = {isa = PBXBuildFile; fileRef = 4294942F20B55B8F00E27E77 /* ViewController.swift */; };
		4294943520B55B9000E27E77 /* Assets.xcassets in Resources */ = {isa = PBXBuildFile; fileRef = 4294943420B55B9000E27E77 /* Assets.xcassets */; };
		4294943820B55B9000E27E77 /* LaunchScreen.storyboard in Resources */ = {isa = PBXBuildFile; fileRef = 4294943620B55B9000E27E77 /* LaunchScreen.storyboard */; };
/* End PBXBuildFile section */

/* Begin PBXFileReference section */
		424BD34620B69C74007FB27D /* Context.swift */ = {isa = PBXFileReference; lastKnownFileType = sourcecode.swift; path = Context.swift; sourceTree = "<group>"; };
		424BD34920B69F9B007FB27D /* NetworkRequest.swift */ = {isa = PBXFileReference; lastKnownFileType = sourcecode.swift; path = NetworkRequest.swift; sourceTree = "<group>"; };
		424BD34D20B6D506007FB27D /* APIConfiguration.swift */ = {isa = PBXFileReference; lastKnownFileType = sourcecode.swift; path = APIConfiguration.swift; sourceTree = "<group>"; };
		424BD35120B6DAA5007FB27D /* NetworkContext.swift */ = {isa = PBXFileReference; lastKnownFileType = sourcecode.swift; path = NetworkContext.swift; sourceTree = "<group>"; };
		424BD36B20B82B85007FB27D /* Base */ = {isa = PBXFileReference; lastKnownFileType = file.storyboard; name = Base; path = Base.lproj/Main.storyboard; sourceTree = "<group>"; };
		424BD37220B83143007FB27D /* LoginContext.swift */ = {isa = PBXFileReference; fileEncoding = 4; lastKnownFileType = sourcecode.swift; path = LoginContext.swift; sourceTree = "<group>"; };
		424BD37320B83143007FB27D /* SignUpContext.swift */ = {isa = PBXFileReference; fileEncoding = 4; lastKnownFileType = sourcecode.swift; path = SignUpContext.swift; sourceTree = "<group>"; };
		424BD37720B8314C007FB27D /* Session.swift */ = {isa = PBXFileReference; fileEncoding = 4; lastKnownFileType = sourcecode.swift; path = Session.swift; sourceTree = "<group>"; };
		4294942A20B55B8F00E27E77 /* DoitUA.app */ = {isa = PBXFileReference; explicitFileType = wrapper.application; includeInIndex = 0; path = DoitUA.app; sourceTree = BUILT_PRODUCTS_DIR; };
		4294942D20B55B8F00E27E77 /* AppDelegate.swift */ = {isa = PBXFileReference; lastKnownFileType = sourcecode.swift; path = AppDelegate.swift; sourceTree = "<group>"; };
		4294942F20B55B8F00E27E77 /* ViewController.swift */ = {isa = PBXFileReference; lastKnownFileType = sourcecode.swift; path = ViewController.swift; sourceTree = "<group>"; };
		4294943420B55B9000E27E77 /* Assets.xcassets */ = {isa = PBXFileReference; lastKnownFileType = folder.assetcatalog; path = Assets.xcassets; sourceTree = "<group>"; };
		4294943720B55B9000E27E77 /* Base */ = {isa = PBXFileReference; lastKnownFileType = file.storyboard; name = Base; path = Base.lproj/LaunchScreen.storyboard; sourceTree = "<group>"; };
		4294943920B55B9000E27E77 /* Info.plist */ = {isa = PBXFileReference; lastKnownFileType = text.plist.xml; path = Info.plist; sourceTree = "<group>"; };
/* End PBXFileReference section */

/* Begin PBXFrameworksBuildPhase section */
		4294942720B55B8F00E27E77 /* Frameworks */ = {
			isa = PBXFrameworksBuildPhase;
			buildActionMask = 2147483647;
			files = (
			);
			runOnlyForDeploymentPostprocessing = 0;
		};
/* End PBXFrameworksBuildPhase section */

/* Begin PBXGroup section */
		424BD34520B69C59007FB27D /* BaseContext */ = {
			isa = PBXGroup;
			children = (
				424BD34620B69C74007FB27D /* Context.swift */,
				424BD35120B6DAA5007FB27D /* NetworkContext.swift */,
				424BD34920B69F9B007FB27D /* NetworkRequest.swift */,
			);
			path = BaseContext;
			sourceTree = "<group>";
		};
		424BD37120B83143007FB27D /* Contexts */ = {
			isa = PBXGroup;
			children = (
				424BD37220B83143007FB27D /* LoginContext.swift */,
				424BD37320B83143007FB27D /* SignUpContext.swift */,
			);
			path = Contexts;
			sourceTree = "<group>";
		};
		424BD37620B8314C007FB27D /* Models */ = {
			isa = PBXGroup;
			children = (
				424BD37720B8314C007FB27D /* Session.swift */,
			);
			path = Models;
			sourceTree = "<group>";
		};
		4294942120B55B8F00E27E77 = {
			isa = PBXGroup;
			children = (
				4294942C20B55B8F00E27E77 /* DoitUA */,
				4294942B20B55B8F00E27E77 /* Products */,
			);
			sourceTree = "<group>";
		};
		4294942B20B55B8F00E27E77 /* Products */ = {
			isa = PBXGroup;
			children = (
				4294942A20B55B8F00E27E77 /* DoitUA.app */,
			);
			name = Products;
			sourceTree = "<group>";
		};
		4294942C20B55B8F00E27E77 /* DoitUA */ = {
			isa = PBXGroup;
			children = (
				4294942D20B55B8F00E27E77 /* AppDelegate.swift */,
				4294943920B55B9000E27E77 /* Info.plist */,
				4294944020B55BED00E27E77 /* Resources */,
				4294943F20B55BCE00E27E77 /* Source */,
			);
			path = DoitUA;
			sourceTree = "<group>";
		};
		4294943F20B55BCE00E27E77 /* Source */ = {
			isa = PBXGroup;
			children = (
				4294945020B58B5600E27E77 /* Lib */,
				4294944120B55C0900E27E77 /* UI */,
			);
			path = Source;
			sourceTree = "<group>";
		};
		4294944020B55BED00E27E77 /* Resources */ = {
			isa = PBXGroup;
			children = (
				4294943420B55B9000E27E77 /* Assets.xcassets */,
				4294943620B55B9000E27E77 /* LaunchScreen.storyboard */,
				424BD36A20B82B85007FB27D /* Main.storyboard */,
			);
			path = Resources;
			sourceTree = "<group>";
		};
		4294944120B55C0900E27E77 /* UI */ = {
			isa = PBXGroup;
			children = (
				4294944220B55C0F00E27E77 /* ViewControllers */,
			);
			path = UI;
			sourceTree = "<group>";
		};
		4294944220B55C0F00E27E77 /* ViewControllers */ = {
			isa = PBXGroup;
			children = (
				4294944320B55C1A00E27E77 /* BaseViewController */,
			);
			path = ViewControllers;
			sourceTree = "<group>";
		};
		4294944320B55C1A00E27E77 /* BaseViewController */ = {
			isa = PBXGroup;
			children = (
				4294942F20B55B8F00E27E77 /* ViewController.swift */,
			);
			path = BaseViewController;
			sourceTree = "<group>";
		};
		4294945020B58B5600E27E77 /* Lib */ = {
			isa = PBXGroup;
			children = (
				4294945820B5B66900E27E77 /* Utilities */,
			);
			path = Lib;
			sourceTree = "<group>";
		};
		4294945820B5B66900E27E77 /* Utilities */ = {
			isa = PBXGroup;
			children = (
				4294945920B5B67400E27E77 /* Network */,
			);
			path = Utilities;
			sourceTree = "<group>";
		};
		4294945920B5B67400E27E77 /* Network */ = {
			isa = PBXGroup;
			children = (
				424BD34D20B6D506007FB27D /* APIConfiguration.swift */,
				424BD34520B69C59007FB27D /* BaseContext */,
				424BD37120B83143007FB27D /* Contexts */,
				424BD37620B8314C007FB27D /* Models */,
			);
			path = Network;
			sourceTree = "<group>";
		};
/* End PBXGroup section */

/* Begin PBXNativeTarget section */
		4294942920B55B8F00E27E77 /* DoitUA */ = {
			isa = PBXNativeTarget;
			buildConfigurationList = 4294943C20B55B9000E27E77 /* Build configuration list for PBXNativeTarget "DoitUA" */;
			buildPhases = (
				4294942620B55B8F00E27E77 /* Sources */,
				4294942720B55B8F00E27E77 /* Frameworks */,
				4294942820B55B8F00E27E77 /* Resources */,
			);
			buildRules = (
			);
			dependencies = (
			);
			name = DoitUA;
			productName = DoitUA;
			productReference = 4294942A20B55B8F00E27E77 /* DoitUA.app */;
			productType = "com.apple.product-type.application";
		};
/* End PBXNativeTarget section */

/* Begin PBXProject section */
		4294942220B55B8F00E27E77 /* Project object */ = {
			isa = PBXProject;
			attributes = {
				LastSwiftUpdateCheck = 0930;
				LastUpgradeCheck = 0930;
				ORGANIZATIONNAME = "Daria Kovalenko";
				TargetAttributes = {
					4294942920B55B8F00E27E77 = {
						CreatedOnToolsVersion = 9.3;
					};
				};
			};
			buildConfigurationList = 4294942520B55B8F00E27E77 /* Build configuration list for PBXProject "DoitUA" */;
			compatibilityVersion = "Xcode 9.3";
			developmentRegion = en;
			hasScannedForEncodings = 0;
			knownRegions = (
				en,
				Base,
			);
			mainGroup = 4294942120B55B8F00E27E77;
			productRefGroup = 4294942B20B55B8F00E27E77 /* Products */;
			projectDirPath = "";
			projectRoot = "";
			targets = (
				4294942920B55B8F00E27E77 /* DoitUA */,
			);
		};
/* End PBXProject section */

/* Begin PBXResourcesBuildPhase section */
		4294942820B55B8F00E27E77 /* Resources */ = {
			isa = PBXResourcesBuildPhase;
			buildActionMask = 2147483647;
			files = (
				424BD36C20B82B85007FB27D /* Main.storyboard in Resources */,
				4294943820B55B9000E27E77 /* LaunchScreen.storyboard in Resources */,
				4294943520B55B9000E27E77 /* Assets.xcassets in Resources */,
			);
			runOnlyForDeploymentPostprocessing = 0;
		};
/* End PBXResourcesBuildPhase section */

/* Begin PBXSourcesBuildPhase section */
		4294942620B55B8F00E27E77 /* Sources */ = {
			isa = PBXSourcesBuildPhase;
			buildActionMask = 2147483647;
			files = (
				424BD37420B83143007FB27D /* LoginContext.swift in Sources */,
				424BD37520B83143007FB27D /* SignUpContext.swift in Sources */,
				424BD35220B6DAA5007FB27D /* NetworkContext.swift in Sources */,
				424BD34A20B69F9B007FB27D /* NetworkRequest.swift in Sources */,
				424BD34E20B6D506007FB27D /* APIConfiguration.swift in Sources */,
				4294943020B55B8F00E27E77 /* ViewController.swift in Sources */,
				424BD34720B69C74007FB27D /* Context.swift in Sources */,
				4294942E20B55B8F00E27E77 /* AppDelegate.swift in Sources */,
				424BD37820B8314C007FB27D /* Session.swift in Sources */,
			);
			runOnlyForDeploymentPostprocessing = 0;
		};
/* End PBXSourcesBuildPhase section */

/* Begin PBXVariantGroup section */
		424BD36A20B82B85007FB27D /* Main.storyboard */ = {
			isa = PBXVariantGroup;
			children = (
				424BD36B20B82B85007FB27D /* Base */,
			);
			name = Main.storyboard;
			sourceTree = "<group>";
		};
		4294943620B55B9000E27E77 /* LaunchScreen.storyboard */ = {
			isa = PBXVariantGroup;
			children = (
				4294943720B55B9000E27E77 /* Base */,
			);
			name = LaunchScreen.storyboard;
			sourceTree = "<group>";
		};
/* End PBXVariantGroup section */

/* Begin XCBuildConfiguration section */
		4294943A20B55B9000E27E77 /* Debug */ = {
			isa = XCBuildConfiguration;
			buildSettings = {
				ALWAYS_SEARCH_USER_PATHS = NO;
				CLANG_ANALYZER_NONNULL = YES;
				CLANG_ANALYZER_NUMBER_OBJECT_CONVERSION = YES_AGGRESSIVE;
				CLANG_CXX_LANGUAGE_STANDARD = "gnu++14";
				CLANG_CXX_LIBRARY = "libc++";
				CLANG_ENABLE_MODULES = YES;
				CLANG_ENABLE_OBJC_ARC = YES;
				CLANG_ENABLE_OBJC_WEAK = YES;
				CLANG_WARN_BLOCK_CAPTURE_AUTORELEASING = YES;
				CLANG_WARN_BOOL_CONVERSION = YES;
				CLANG_WARN_COMMA = YES;
				CLANG_WARN_CONSTANT_CONVERSION = YES;
				CLANG_WARN_DEPRECATED_OBJC_IMPLEMENTATIONS = YES;
				CLANG_WARN_DIRECT_OBJC_ISA_USAGE = YES_ERROR;
				CLANG_WARN_DOCUMENTATION_COMMENTS = YES;
				CLANG_WARN_EMPTY_BODY = YES;
				CLANG_WARN_ENUM_CONVERSION = YES;
				CLANG_WARN_INFINITE_RECURSION = YES;
				CLANG_WARN_INT_CONVERSION = YES;
				CLANG_WARN_NON_LITERAL_NULL_CONVERSION = YES;
				CLANG_WARN_OBJC_IMPLICIT_RETAIN_SELF = YES;
				CLANG_WARN_OBJC_LITERAL_CONVERSION = YES;
				CLANG_WARN_OBJC_ROOT_CLASS = YES_ERROR;
				CLANG_WARN_RANGE_LOOP_ANALYSIS = YES;
				CLANG_WARN_STRICT_PROTOTYPES = YES;
				CLANG_WARN_SUSPICIOUS_MOVE = YES;
				CLANG_WARN_UNGUARDED_AVAILABILITY = YES_AGGRESSIVE;
				CLANG_WARN_UNREACHABLE_CODE = YES;
				CLANG_WARN__DUPLICATE_METHOD_MATCH = YES;
				CODE_SIGN_IDENTITY = "iPhone Developer";
				COPY_PHASE_STRIP = NO;
				DEBUG_INFORMATION_FORMAT = dwarf;
				ENABLE_STRICT_OBJC_MSGSEND = YES;
				ENABLE_TESTABILITY = YES;
				GCC_C_LANGUAGE_STANDARD = gnu11;
				GCC_DYNAMIC_NO_PIC = NO;
				GCC_NO_COMMON_BLOCKS = YES;
				GCC_OPTIMIZATION_LEVEL = 0;
				GCC_PREPROCESSOR_DEFINITIONS = (
					"DEBUG=1",
					"$(inherited)",
				);
				GCC_WARN_64_TO_32_BIT_CONVERSION = YES;
				GCC_WARN_ABOUT_RETURN_TYPE = YES_ERROR;
				GCC_WARN_UNDECLARED_SELECTOR = YES;
				GCC_WARN_UNINITIALIZED_AUTOS = YES_AGGRESSIVE;
				GCC_WARN_UNUSED_FUNCTION = YES;
				GCC_WARN_UNUSED_VARIABLE = YES;
				IPHONEOS_DEPLOYMENT_TARGET = 11.3;
				MTL_ENABLE_DEBUG_INFO = YES;
				ONLY_ACTIVE_ARCH = YES;
				SDKROOT = iphoneos;
				SWIFT_ACTIVE_COMPILATION_CONDITIONS = DEBUG;
				SWIFT_OPTIMIZATION_LEVEL = "-Onone";
			};
			name = Debug;
		};
		4294943B20B55B9000E27E77 /* Release */ = {
			isa = XCBuildConfiguration;
			buildSettings = {
				ALWAYS_SEARCH_USER_PATHS = NO;
				CLANG_ANALYZER_NONNULL = YES;
				CLANG_ANALYZER_NUMBER_OBJECT_CONVERSION = YES_AGGRESSIVE;
				CLANG_CXX_LANGUAGE_STANDARD = "gnu++14";
				CLANG_CXX_LIBRARY = "libc++";
				CLANG_ENABLE_MODULES = YES;
				CLANG_ENABLE_OBJC_ARC = YES;
				CLANG_ENABLE_OBJC_WEAK = YES;
				CLANG_WARN_BLOCK_CAPTURE_AUTORELEASING = YES;
				CLANG_WARN_BOOL_CONVERSION = YES;
				CLANG_WARN_COMMA = YES;
				CLANG_WARN_CONSTANT_CONVERSION = YES;
				CLANG_WARN_DEPRECATED_OBJC_IMPLEMENTATIONS = YES;
				CLANG_WARN_DIRECT_OBJC_ISA_USAGE = YES_ERROR;
				CLANG_WARN_DOCUMENTATION_COMMENTS = YES;
				CLANG_WARN_EMPTY_BODY = YES;
				CLANG_WARN_ENUM_CONVERSION = YES;
				CLANG_WARN_INFINITE_RECURSION = YES;
				CLANG_WARN_INT_CONVERSION = YES;
				CLANG_WARN_NON_LITERAL_NULL_CONVERSION = YES;
				CLANG_WARN_OBJC_IMPLICIT_RETAIN_SELF = YES;
				CLANG_WARN_OBJC_LITERAL_CONVERSION = YES;
				CLANG_WARN_OBJC_ROOT_CLASS = YES_ERROR;
				CLANG_WARN_RANGE_LOOP_ANALYSIS = YES;
				CLANG_WARN_STRICT_PROTOTYPES = YES;
				CLANG_WARN_SUSPICIOUS_MOVE = YES;
				CLANG_WARN_UNGUARDED_AVAILABILITY = YES_AGGRESSIVE;
				CLANG_WARN_UNREACHABLE_CODE = YES;
				CLANG_WARN__DUPLICATE_METHOD_MATCH = YES;
				CODE_SIGN_IDENTITY = "iPhone Developer";
				COPY_PHASE_STRIP = NO;
				DEBUG_INFORMATION_FORMAT = "dwarf-with-dsym";
				ENABLE_NS_ASSERTIONS = NO;
				ENABLE_STRICT_OBJC_MSGSEND = YES;
				GCC_C_LANGUAGE_STANDARD = gnu11;
				GCC_NO_COMMON_BLOCKS = YES;
				GCC_WARN_64_TO_32_BIT_CONVERSION = YES;
				GCC_WARN_ABOUT_RETURN_TYPE = YES_ERROR;
				GCC_WARN_UNDECLARED_SELECTOR = YES;
				GCC_WARN_UNINITIALIZED_AUTOS = YES_AGGRESSIVE;
				GCC_WARN_UNUSED_FUNCTION = YES;
				GCC_WARN_UNUSED_VARIABLE = YES;
				IPHONEOS_DEPLOYMENT_TARGET = 11.3;
				MTL_ENABLE_DEBUG_INFO = NO;
				SDKROOT = iphoneos;
				SWIFT_COMPILATION_MODE = wholemodule;
				SWIFT_OPTIMIZATION_LEVEL = "-O";
				VALIDATE_PRODUCT = YES;
			};
			name = Release;
		};
		4294943D20B55B9000E27E77 /* Debug */ = {
			isa = XCBuildConfiguration;
			buildSettings = {
				ASSETCATALOG_COMPILER_APPICON_NAME = AppIcon;
				CODE_SIGN_STYLE = Automatic;
				DEVELOPMENT_TEAM = WKY2745G4T;
				INFOPLIST_FILE = DoitUA/Info.plist;
				IPHONEOS_DEPLOYMENT_TARGET = 11.0;
				LD_RUNPATH_SEARCH_PATHS = (
					"$(inherited)",
					"@executable_path/Frameworks",
				);
				PRODUCT_BUNDLE_IDENTIFIER = com.anadea.DoitUA;
				PRODUCT_NAME = "$(TARGET_NAME)";
				SWIFT_VERSION = 4.0;
				TARGETED_DEVICE_FAMILY = "1,2";
			};
			name = Debug;
		};
		4294943E20B55B9000E27E77 /* Release */ = {
			isa = XCBuildConfiguration;
			buildSettings = {
				ASSETCATALOG_COMPILER_APPICON_NAME = AppIcon;
				CODE_SIGN_STYLE = Automatic;
				DEVELOPMENT_TEAM = WKY2745G4T;
				INFOPLIST_FILE = DoitUA/Info.plist;
				IPHONEOS_DEPLOYMENT_TARGET = 11.0;
				LD_RUNPATH_SEARCH_PATHS = (
					"$(inherited)",
					"@executable_path/Frameworks",
				);
				PRODUCT_BUNDLE_IDENTIFIER = com.anadea.DoitUA;
				PRODUCT_NAME = "$(TARGET_NAME)";
				SWIFT_VERSION = 4.0;
				TARGETED_DEVICE_FAMILY = "1,2";
			};
			name = Release;
		};
/* End XCBuildConfiguration section */

/* Begin XCConfigurationList section */
		4294942520B55B8F00E27E77 /* Build configuration list for PBXProject "DoitUA" */ = {
			isa = XCConfigurationList;
			buildConfigurations = (
				4294943A20B55B9000E27E77 /* Debug */,
				4294943B20B55B9000E27E77 /* Release */,
			);
			defaultConfigurationIsVisible = 0;
			defaultConfigurationName = Release;
		};
		4294943C20B55B9000E27E77 /* Build configuration list for PBXNativeTarget "DoitUA" */ = {
			isa = XCConfigurationList;
			buildConfigurations = (
				4294943D20B55B9000E27E77 /* Debug */,
				4294943E20B55B9000E27E77 /* Release */,
			);
			defaultConfigurationIsVisible = 0;
			defaultConfigurationName = Release;
		};
/* End XCConfigurationList section */
	};
	rootObject = 4294942220B55B8F00E27E77 /* Project object */;
}
