// !$*UTF8*$!
{
	archiveVersion = 1;
	classes = {
	};
	objectVersion = 50;
	objects = {

/* Begin PBXBuildFile section */
		421140DF20BBEF11006D82A9 /* ScrollableView.swift in Sources */ = {isa = PBXBuildFile; fileRef = 421140DE20BBEF11006D82A9 /* ScrollableView.swift */; };
		421140E220BC31CC006D82A9 /* ImagesViewController.storyboard in Resources */ = {isa = PBXBuildFile; fileRef = 421140E020BC31CC006D82A9 /* ImagesViewController.storyboard */; };
		421140E820BC31E2006D82A9 /* ImagesViewController.swift in Sources */ = {isa = PBXBuildFile; fileRef = 421140E420BC31E2006D82A9 /* ImagesViewController.swift */; };
		421140E920BC31E2006D82A9 /* ImageViewController.swift in Sources */ = {isa = PBXBuildFile; fileRef = 421140E620BC31E2006D82A9 /* ImageViewController.swift */; };
		421140EA20BC31E2006D82A9 /* ImageViewModel.swift in Sources */ = {isa = PBXBuildFile; fileRef = 421140E720BC31E2006D82A9 /* ImageViewModel.swift */; };
		421140EC20BC4043006D82A9 /* LocationManager.swift in Sources */ = {isa = PBXBuildFile; fileRef = 421140EB20BC4043006D82A9 /* LocationManager.swift */; };
		421140EF20BC44F9006D82A9 /* ImagesContext.swift in Sources */ = {isa = PBXBuildFile; fileRef = 421140EE20BC44F9006D82A9 /* ImagesContext.swift */; };
		421140F220BC46DA006D82A9 /* ImagesViewModel.swift in Sources */ = {isa = PBXBuildFile; fileRef = 421140F120BC46DA006D82A9 /* ImagesViewModel.swift */; };
		421140F520BC532F006D82A9 /* ImageCollectionViewCell.swift in Sources */ = {isa = PBXBuildFile; fileRef = 421140F420BC532F006D82A9 /* ImageCollectionViewCell.swift */; };
		424BD34720B69C74007FB27D /* Context.swift in Sources */ = {isa = PBXBuildFile; fileRef = 424BD34620B69C74007FB27D /* Context.swift */; };
		424BD34A20B69F9B007FB27D /* NetworkRequest.swift in Sources */ = {isa = PBXBuildFile; fileRef = 424BD34920B69F9B007FB27D /* NetworkRequest.swift */; };
		424BD34E20B6D506007FB27D /* APIConfiguration.swift in Sources */ = {isa = PBXBuildFile; fileRef = 424BD34D20B6D506007FB27D /* APIConfiguration.swift */; };
		424BD35220B6DAA5007FB27D /* NetworkContext.swift in Sources */ = {isa = PBXBuildFile; fileRef = 424BD35120B6DAA5007FB27D /* NetworkContext.swift */; };
		424BD36C20B82B85007FB27D /* Main.storyboard in Resources */ = {isa = PBXBuildFile; fileRef = 424BD36A20B82B85007FB27D /* Main.storyboard */; };
		424BD37420B83143007FB27D /* LoginContext.swift in Sources */ = {isa = PBXBuildFile; fileRef = 424BD37220B83143007FB27D /* LoginContext.swift */; };
		424BD37520B83143007FB27D /* SignUpContext.swift in Sources */ = {isa = PBXBuildFile; fileRef = 424BD37320B83143007FB27D /* SignUpContext.swift */; };
		424BD37820B8314C007FB27D /* Session.swift in Sources */ = {isa = PBXBuildFile; fileRef = 424BD37720B8314C007FB27D /* Session.swift */; };
		424BD37A20B83190007FB27D /* View.swift in Sources */ = {isa = PBXBuildFile; fileRef = 424BD37920B83190007FB27D /* View.swift */; };
		424BD38520B83237007FB27D /* SignUpViewController.swift in Sources */ = {isa = PBXBuildFile; fileRef = 424BD38420B83237007FB27D /* SignUpViewController.swift */; };
		424BD38820B8323E007FB27D /* LoginViewController.swift in Sources */ = {isa = PBXBuildFile; fileRef = 424BD38720B8323E007FB27D /* LoginViewController.swift */; };
		424BD38C20B83287007FB27D /* NotificationNameExtensions.swift in Sources */ = {isa = PBXBuildFile; fileRef = 424BD38B20B83287007FB27D /* NotificationNameExtensions.swift */; };
		424BD39120B835D6007FB27D /* LoginViewModel.swift in Sources */ = {isa = PBXBuildFile; fileRef = 424BD39020B835D6007FB27D /* LoginViewModel.swift */; };
		424BD39720B837A7007FB27D /* ViewModel.swift in Sources */ = {isa = PBXBuildFile; fileRef = 424BD39620B837A6007FB27D /* ViewModel.swift */; };
		424BD39920B838AD007FB27D /* NSErrorExtensions.swift in Sources */ = {isa = PBXBuildFile; fileRef = 424BD39820B838AD007FB27D /* NSErrorExtensions.swift */; };
		424BD39C20B83B4A007FB27D /* SignUpViewModel.swift in Sources */ = {isa = PBXBuildFile; fileRef = 424BD39B20B83B4A007FB27D /* SignUpViewModel.swift */; };
		424BD3AA20B8464D007FB27D /* ImageSelector.swift in Sources */ = {isa = PBXBuildFile; fileRef = 424BD3A920B8464D007FB27D /* ImageSelector.swift */; };
		424BD3B220B8766B007FB27D /* ImageContext.swift in Sources */ = {isa = PBXBuildFile; fileRef = 424BD3B120B8766B007FB27D /* ImageContext.swift */; };
		424BD3B420B8767B007FB27D /* Image.swift in Sources */ = {isa = PBXBuildFile; fileRef = 424BD3B320B8767B007FB27D /* Image.swift */; };
		4294942E20B55B8F00E27E77 /* AppDelegate.swift in Sources */ = {isa = PBXBuildFile; fileRef = 4294942D20B55B8F00E27E77 /* AppDelegate.swift */; };
		4294943020B55B8F00E27E77 /* ViewController.swift in Sources */ = {isa = PBXBuildFile; fileRef = 4294942F20B55B8F00E27E77 /* ViewController.swift */; };
		4294943520B55B9000E27E77 /* Assets.xcassets in Resources */ = {isa = PBXBuildFile; fileRef = 4294943420B55B9000E27E77 /* Assets.xcassets */; };
		4294943820B55B9000E27E77 /* LaunchScreen.storyboard in Resources */ = {isa = PBXBuildFile; fileRef = 4294943620B55B9000E27E77 /* LaunchScreen.storyboard */; };
		42C672B020BC5D37001DF4F1 /* Reusable.swift in Sources */ = {isa = PBXBuildFile; fileRef = 42C672AF20BC5D37001DF4F1 /* Reusable.swift */; };
		42C672B220BC607A001DF4F1 /* NibLoaded.swift in Sources */ = {isa = PBXBuildFile; fileRef = 42C672B120BC607A001DF4F1 /* NibLoaded.swift */; };
		42C672B520BC63AA001DF4F1 /* UIImage+Extensions.swift in Sources */ = {isa = PBXBuildFile; fileRef = 42C672B420BC63AA001DF4F1 /* UIImage+Extensions.swift */; };
		42C672BA20BD6391001DF4F1 /* GifViewController.swift in Sources */ = {isa = PBXBuildFile; fileRef = 42C672B920BD6391001DF4F1 /* GifViewController.swift */; };
		42C672BC20BD70C9001DF4F1 /* GifContext.swift in Sources */ = {isa = PBXBuildFile; fileRef = 42C672BB20BD70C9001DF4F1 /* GifContext.swift */; };
		42C672BE20BD7175001DF4F1 /* GifViewModel.swift in Sources */ = {isa = PBXBuildFile; fileRef = 42C672BD20BD7175001DF4F1 /* GifViewModel.swift */; };
		42C672C620BD80F2001DF4F1 /* ActivityView.swift in Sources */ = {isa = PBXBuildFile; fileRef = 42C672C520BD80F2001DF4F1 /* ActivityView.swift */; };
		42C672C920BD91EC001DF4F1 /* SessionFetcher.swift in Sources */ = {isa = PBXBuildFile; fileRef = 42C672C820BD91EC001DF4F1 /* SessionFetcher.swift */; };
		42C672CB20BD9273001DF4F1 /* RootPresenter.swift in Sources */ = {isa = PBXBuildFile; fileRef = 42C672CA20BD9273001DF4F1 /* RootPresenter.swift */; };
		42C672CD20BD9289001DF4F1 /* LoginPresenter.swift in Sources */ = {isa = PBXBuildFile; fileRef = 42C672CC20BD9289001DF4F1 /* LoginPresenter.swift */; };
		42C672D320BDB07C001DF4F1 /* ErrorExtensions.swift in Sources */ = {isa = PBXBuildFile; fileRef = 42C672D220BDB07C001DF4F1 /* ErrorExtensions.swift */; };
		6DDA4B80C12BEE6B10D53154 /* Pods_DoitUA.framework in Frameworks */ = {isa = PBXBuildFile; fileRef = 8580E3590A9CB2CD88E1F7BA /* Pods_DoitUA.framework */; };
/* End PBXBuildFile section */

/* Begin PBXFileReference section */
		2E5012474FE41633AD3A29E2 /* Pods-DoitUA.release.xcconfig */ = {isa = PBXFileReference; includeInIndex = 1; lastKnownFileType = text.xcconfig; name = "Pods-DoitUA.release.xcconfig"; path = "Pods/Target Support Files/Pods-DoitUA/Pods-DoitUA.release.xcconfig"; sourceTree = "<group>"; };
		421140DE20BBEF11006D82A9 /* ScrollableView.swift */ = {isa = PBXFileReference; fileEncoding = 4; lastKnownFileType = sourcecode.swift; path = ScrollableView.swift; sourceTree = "<group>"; };
		421140E120BC31CC006D82A9 /* Base */ = {isa = PBXFileReference; lastKnownFileType = file.storyboard; name = Base; path = Base.lproj/ImagesViewController.storyboard; sourceTree = "<group>"; };
		421140E420BC31E2006D82A9 /* ImagesViewController.swift */ = {isa = PBXFileReference; fileEncoding = 4; lastKnownFileType = sourcecode.swift; path = ImagesViewController.swift; sourceTree = "<group>"; };
		421140E620BC31E2006D82A9 /* ImageViewController.swift */ = {isa = PBXFileReference; fileEncoding = 4; lastKnownFileType = sourcecode.swift; path = ImageViewController.swift; sourceTree = "<group>"; };
		421140E720BC31E2006D82A9 /* ImageViewModel.swift */ = {isa = PBXFileReference; fileEncoding = 4; lastKnownFileType = sourcecode.swift; path = ImageViewModel.swift; sourceTree = "<group>"; };
		421140EB20BC4043006D82A9 /* LocationManager.swift */ = {isa = PBXFileReference; lastKnownFileType = sourcecode.swift; path = LocationManager.swift; sourceTree = "<group>"; };
		421140EE20BC44F9006D82A9 /* ImagesContext.swift */ = {isa = PBXFileReference; lastKnownFileType = sourcecode.swift; path = ImagesContext.swift; sourceTree = "<group>"; };
		421140F120BC46DA006D82A9 /* ImagesViewModel.swift */ = {isa = PBXFileReference; lastKnownFileType = sourcecode.swift; path = ImagesViewModel.swift; sourceTree = "<group>"; };
		421140F420BC532F006D82A9 /* ImageCollectionViewCell.swift */ = {isa = PBXFileReference; lastKnownFileType = sourcecode.swift; path = ImageCollectionViewCell.swift; sourceTree = "<group>"; };
		424BD34620B69C74007FB27D /* Context.swift */ = {isa = PBXFileReference; lastKnownFileType = sourcecode.swift; path = Context.swift; sourceTree = "<group>"; };
		424BD34920B69F9B007FB27D /* NetworkRequest.swift */ = {isa = PBXFileReference; lastKnownFileType = sourcecode.swift; path = NetworkRequest.swift; sourceTree = "<group>"; };
		424BD34D20B6D506007FB27D /* APIConfiguration.swift */ = {isa = PBXFileReference; lastKnownFileType = sourcecode.swift; path = APIConfiguration.swift; sourceTree = "<group>"; };
		424BD35120B6DAA5007FB27D /* NetworkContext.swift */ = {isa = PBXFileReference; lastKnownFileType = sourcecode.swift; path = NetworkContext.swift; sourceTree = "<group>"; };
		424BD36B20B82B85007FB27D /* Base */ = {isa = PBXFileReference; lastKnownFileType = file.storyboard; name = Base; path = Base.lproj/Main.storyboard; sourceTree = "<group>"; };
		424BD37220B83143007FB27D /* LoginContext.swift */ = {isa = PBXFileReference; fileEncoding = 4; lastKnownFileType = sourcecode.swift; path = LoginContext.swift; sourceTree = "<group>"; };
		424BD37320B83143007FB27D /* SignUpContext.swift */ = {isa = PBXFileReference; fileEncoding = 4; lastKnownFileType = sourcecode.swift; path = SignUpContext.swift; sourceTree = "<group>"; };
		424BD37720B8314C007FB27D /* Session.swift */ = {isa = PBXFileReference; fileEncoding = 4; lastKnownFileType = sourcecode.swift; path = Session.swift; sourceTree = "<group>"; };
		424BD37920B83190007FB27D /* View.swift */ = {isa = PBXFileReference; lastKnownFileType = sourcecode.swift; path = View.swift; sourceTree = "<group>"; };
		424BD38420B83237007FB27D /* SignUpViewController.swift */ = {isa = PBXFileReference; fileEncoding = 4; lastKnownFileType = sourcecode.swift; path = SignUpViewController.swift; sourceTree = "<group>"; };
		424BD38720B8323E007FB27D /* LoginViewController.swift */ = {isa = PBXFileReference; fileEncoding = 4; lastKnownFileType = sourcecode.swift; path = LoginViewController.swift; sourceTree = "<group>"; };
		424BD38B20B83287007FB27D /* NotificationNameExtensions.swift */ = {isa = PBXFileReference; fileEncoding = 4; lastKnownFileType = sourcecode.swift; path = NotificationNameExtensions.swift; sourceTree = "<group>"; };
		424BD39020B835D6007FB27D /* LoginViewModel.swift */ = {isa = PBXFileReference; lastKnownFileType = sourcecode.swift; path = LoginViewModel.swift; sourceTree = "<group>"; };
		424BD39620B837A6007FB27D /* ViewModel.swift */ = {isa = PBXFileReference; lastKnownFileType = sourcecode.swift; path = ViewModel.swift; sourceTree = "<group>"; };
		424BD39820B838AD007FB27D /* NSErrorExtensions.swift */ = {isa = PBXFileReference; lastKnownFileType = sourcecode.swift; path = NSErrorExtensions.swift; sourceTree = "<group>"; };
		424BD39B20B83B4A007FB27D /* SignUpViewModel.swift */ = {isa = PBXFileReference; lastKnownFileType = sourcecode.swift; path = SignUpViewModel.swift; sourceTree = "<group>"; };
		424BD3A920B8464D007FB27D /* ImageSelector.swift */ = {isa = PBXFileReference; lastKnownFileType = sourcecode.swift; path = ImageSelector.swift; sourceTree = "<group>"; };
		424BD3B120B8766B007FB27D /* ImageContext.swift */ = {isa = PBXFileReference; lastKnownFileType = sourcecode.swift; path = ImageContext.swift; sourceTree = "<group>"; };
		424BD3B320B8767B007FB27D /* Image.swift */ = {isa = PBXFileReference; lastKnownFileType = sourcecode.swift; path = Image.swift; sourceTree = "<group>"; };
		4294942A20B55B8F00E27E77 /* DoitUA.app */ = {isa = PBXFileReference; explicitFileType = wrapper.application; includeInIndex = 0; path = DoitUA.app; sourceTree = BUILT_PRODUCTS_DIR; };
		4294942D20B55B8F00E27E77 /* AppDelegate.swift */ = {isa = PBXFileReference; lastKnownFileType = sourcecode.swift; path = AppDelegate.swift; sourceTree = "<group>"; };
		4294942F20B55B8F00E27E77 /* ViewController.swift */ = {isa = PBXFileReference; lastKnownFileType = sourcecode.swift; path = ViewController.swift; sourceTree = "<group>"; };
		4294943420B55B9000E27E77 /* Assets.xcassets */ = {isa = PBXFileReference; lastKnownFileType = folder.assetcatalog; path = Assets.xcassets; sourceTree = "<group>"; };
		4294943720B55B9000E27E77 /* Base */ = {isa = PBXFileReference; lastKnownFileType = file.storyboard; name = Base; path = Base.lproj/LaunchScreen.storyboard; sourceTree = "<group>"; };
		4294943920B55B9000E27E77 /* Info.plist */ = {isa = PBXFileReference; lastKnownFileType = text.plist.xml; path = Info.plist; sourceTree = "<group>"; };
		42C672AF20BC5D37001DF4F1 /* Reusable.swift */ = {isa = PBXFileReference; lastKnownFileType = sourcecode.swift; path = Reusable.swift; sourceTree = "<group>"; };
		42C672B120BC607A001DF4F1 /* NibLoaded.swift */ = {isa = PBXFileReference; lastKnownFileType = sourcecode.swift; path = NibLoaded.swift; sourceTree = "<group>"; };
		42C672B420BC63AA001DF4F1 /* UIImage+Extensions.swift */ = {isa = PBXFileReference; lastKnownFileType = sourcecode.swift; path = "UIImage+Extensions.swift"; sourceTree = "<group>"; };
		42C672B920BD6391001DF4F1 /* GifViewController.swift */ = {isa = PBXFileReference; lastKnownFileType = sourcecode.swift; path = GifViewController.swift; sourceTree = "<group>"; };
		42C672BB20BD70C9001DF4F1 /* GifContext.swift */ = {isa = PBXFileReference; lastKnownFileType = sourcecode.swift; path = GifContext.swift; sourceTree = "<group>"; };
		42C672BD20BD7175001DF4F1 /* GifViewModel.swift */ = {isa = PBXFileReference; lastKnownFileType = sourcecode.swift; path = GifViewModel.swift; sourceTree = "<group>"; };
		42C672C520BD80F2001DF4F1 /* ActivityView.swift */ = {isa = PBXFileReference; lastKnownFileType = sourcecode.swift; path = ActivityView.swift; sourceTree = "<group>"; };
		42C672C820BD91EC001DF4F1 /* SessionFetcher.swift */ = {isa = PBXFileReference; lastKnownFileType = sourcecode.swift; path = SessionFetcher.swift; sourceTree = "<group>"; };
		42C672CA20BD9273001DF4F1 /* RootPresenter.swift */ = {isa = PBXFileReference; lastKnownFileType = sourcecode.swift; path = RootPresenter.swift; sourceTree = "<group>"; };
		42C672CC20BD9289001DF4F1 /* LoginPresenter.swift */ = {isa = PBXFileReference; lastKnownFileType = sourcecode.swift; path = LoginPresenter.swift; sourceTree = "<group>"; };
		42C672D220BDB07C001DF4F1 /* ErrorExtensions.swift */ = {isa = PBXFileReference; lastKnownFileType = sourcecode.swift; path = ErrorExtensions.swift; sourceTree = "<group>"; };
		6BF86E33C694EA1209BD908C /* Pods-DoitUA.debug.xcconfig */ = {isa = PBXFileReference; includeInIndex = 1; lastKnownFileType = text.xcconfig; name = "Pods-DoitUA.debug.xcconfig"; path = "Pods/Target Support Files/Pods-DoitUA/Pods-DoitUA.debug.xcconfig"; sourceTree = "<group>"; };
		8580E3590A9CB2CD88E1F7BA /* Pods_DoitUA.framework */ = {isa = PBXFileReference; explicitFileType = wrapper.framework; includeInIndex = 0; path = Pods_DoitUA.framework; sourceTree = BUILT_PRODUCTS_DIR; };
/* End PBXFileReference section */

/* Begin PBXFrameworksBuildPhase section */
		4294942720B55B8F00E27E77 /* Frameworks */ = {
			isa = PBXFrameworksBuildPhase;
			buildActionMask = 2147483647;
			files = (
				6DDA4B80C12BEE6B10D53154 /* Pods_DoitUA.framework in Frameworks */,
			);
			runOnlyForDeploymentPostprocessing = 0;
		};
/* End PBXFrameworksBuildPhase section */

/* Begin PBXGroup section */
		3533D8B46D521DC38D0ACA93 /* Frameworks */ = {
			isa = PBXGroup;
			children = (
				8580E3590A9CB2CD88E1F7BA /* Pods_DoitUA.framework */,
			);
			name = Frameworks;
			sourceTree = "<group>";
		};
		421140DD20BBEF11006D82A9 /* ScrollableView */ = {
			isa = PBXGroup;
			children = (
				421140DE20BBEF11006D82A9 /* ScrollableView.swift */,
			);
			path = ScrollableView;
			sourceTree = "<group>";
		};
		421140E320BC31E2006D82A9 /* ImagesViewController */ = {
			isa = PBXGroup;
			children = (
				421140F320BC5314006D82A9 /* Cells */,
				421140E420BC31E2006D82A9 /* ImagesViewController.swift */,
				421140F120BC46DA006D82A9 /* ImagesViewModel.swift */,
			);
			path = ImagesViewController;
			sourceTree = "<group>";
		};
		421140E520BC31E2006D82A9 /* ImageViewController */ = {
			isa = PBXGroup;
			children = (
				421140E620BC31E2006D82A9 /* ImageViewController.swift */,
				421140E720BC31E2006D82A9 /* ImageViewModel.swift */,
			);
			path = ImageViewController;
			sourceTree = "<group>";
		};
		421140ED20BC44B8006D82A9 /* LocationMnager */ = {
			isa = PBXGroup;
			children = (
				421140EB20BC4043006D82A9 /* LocationManager.swift */,
			);
			path = LocationMnager;
			sourceTree = "<group>";
		};
		421140F320BC5314006D82A9 /* Cells */ = {
			isa = PBXGroup;
			children = (
				421140F420BC532F006D82A9 /* ImageCollectionViewCell.swift */,
			);
			path = Cells;
			sourceTree = "<group>";
		};
		424BD34520B69C59007FB27D /* BaseContext */ = {
			isa = PBXGroup;
			children = (
				424BD34620B69C74007FB27D /* Context.swift */,
				424BD35120B6DAA5007FB27D /* NetworkContext.swift */,
				424BD34920B69F9B007FB27D /* NetworkRequest.swift */,
			);
			path = BaseContext;
			sourceTree = "<group>";
		};
		424BD37120B83143007FB27D /* Contexts */ = {
			isa = PBXGroup;
			children = (
				42C672BB20BD70C9001DF4F1 /* GifContext.swift */,
				424BD3B120B8766B007FB27D /* ImageContext.swift */,
				421140EE20BC44F9006D82A9 /* ImagesContext.swift */,
				424BD37220B83143007FB27D /* LoginContext.swift */,
				424BD37320B83143007FB27D /* SignUpContext.swift */,
			);
			path = Contexts;
			sourceTree = "<group>";
		};
		424BD37620B8314C007FB27D /* Models */ = {
			isa = PBXGroup;
			children = (
				424BD37720B8314C007FB27D /* Session.swift */,
				424BD3B320B8767B007FB27D /* Image.swift */,
			);
			path = Models;
			sourceTree = "<group>";
		};
		424BD37B20B831A5007FB27D /* Views */ = {
			isa = PBXGroup;
			children = (
				42C672C420BD80E6001DF4F1 /* ActivityView */,
				424BD37C20B831B3007FB27D /* BaseView */,
				421140DD20BBEF11006D82A9 /* ScrollableView */,
			);
			path = Views;
			sourceTree = "<group>";
		};
		424BD37C20B831B3007FB27D /* BaseView */ = {
			isa = PBXGroup;
			children = (
				424BD37920B83190007FB27D /* View.swift */,
			);
			path = BaseView;
			sourceTree = "<group>";
		};
		424BD38320B83237007FB27D /* SignUpViewController */ = {
			isa = PBXGroup;
			children = (
				424BD38420B83237007FB27D /* SignUpViewController.swift */,
				424BD39B20B83B4A007FB27D /* SignUpViewModel.swift */,
			);
			path = SignUpViewController;
			sourceTree = "<group>";
		};
		424BD38620B8323E007FB27D /* LoginViewController */ = {
			isa = PBXGroup;
			children = (
				424BD38720B8323E007FB27D /* LoginViewController.swift */,
				424BD39020B835D6007FB27D /* LoginViewModel.swift */,
			);
			path = LoginViewController;
			sourceTree = "<group>";
		};
		424BD38920B83287007FB27D /* Extensions */ = {
			isa = PBXGroup;
			children = (
				424BD38A20B83287007FB27D /* Swift */,
				42C672B320BC63A0001DF4F1 /* UIKit */,
			);
			path = Extensions;
			sourceTree = "<group>";
		};
		424BD38A20B83287007FB27D /* Swift */ = {
			isa = PBXGroup;
			children = (
				424BD38B20B83287007FB27D /* NotificationNameExtensions.swift */,
				424BD39820B838AD007FB27D /* NSErrorExtensions.swift */,
				42C672D220BDB07C001DF4F1 /* ErrorExtensions.swift */,
			);
			path = Swift;
			sourceTree = "<group>";
		};
		424BD3A820B84634007FB27D /* UIProtocols */ = {
			isa = PBXGroup;
			children = (
				424BD3A920B8464D007FB27D /* ImageSelector.swift */,
				42C672AF20BC5D37001DF4F1 /* Reusable.swift */,
				42C672B120BC607A001DF4F1 /* NibLoaded.swift */,
				42C672C820BD91EC001DF4F1 /* SessionFetcher.swift */,
				42C672CA20BD9273001DF4F1 /* RootPresenter.swift */,
				42C672CC20BD9289001DF4F1 /* LoginPresenter.swift */,
			);
			path = UIProtocols;
			sourceTree = "<group>";
		};
		4294942120B55B8F00E27E77 = {
			isa = PBXGroup;
			children = (
				4294942C20B55B8F00E27E77 /* DoitUA */,
				4294942B20B55B8F00E27E77 /* Products */,
				9E415A5D339F0166643B9F6E /* Pods */,
				3533D8B46D521DC38D0ACA93 /* Frameworks */,
			);
			sourceTree = "<group>";
		};
		4294942B20B55B8F00E27E77 /* Products */ = {
			isa = PBXGroup;
			children = (
				4294942A20B55B8F00E27E77 /* DoitUA.app */,
			);
			name = Products;
			sourceTree = "<group>";
		};
		4294942C20B55B8F00E27E77 /* DoitUA */ = {
			isa = PBXGroup;
			children = (
				4294942D20B55B8F00E27E77 /* AppDelegate.swift */,
				4294943920B55B9000E27E77 /* Info.plist */,
				4294944020B55BED00E27E77 /* Resources */,
				4294943F20B55BCE00E27E77 /* Source */,
			);
			path = DoitUA;
			sourceTree = "<group>";
		};
		4294943F20B55BCE00E27E77 /* Source */ = {
			isa = PBXGroup;
			children = (
				4294945020B58B5600E27E77 /* Lib */,
				4294944120B55C0900E27E77 /* UI */,
			);
			path = Source;
			sourceTree = "<group>";
		};
		4294944020B55BED00E27E77 /* Resources */ = {
			isa = PBXGroup;
			children = (
				4294943420B55B9000E27E77 /* Assets.xcassets */,
				421140E020BC31CC006D82A9 /* ImagesViewController.storyboard */,
				4294943620B55B9000E27E77 /* LaunchScreen.storyboard */,
				424BD36A20B82B85007FB27D /* Main.storyboard */,
			);
			path = Resources;
			sourceTree = "<group>";
		};
		4294944120B55C0900E27E77 /* UI */ = {
			isa = PBXGroup;
			children = (
				424BD37B20B831A5007FB27D /* Views */,
				4294944220B55C0F00E27E77 /* ViewControllers */,
			);
			path = UI;
			sourceTree = "<group>";
		};
		4294944220B55C0F00E27E77 /* ViewControllers */ = {
			isa = PBXGroup;
			children = (
				4294944320B55C1A00E27E77 /* BaseViewController */,
				42C672B820BD6371001DF4F1 /* GifViewController */,
				421140E320BC31E2006D82A9 /* ImagesViewController */,
				421140E520BC31E2006D82A9 /* ImageViewController */,
				424BD38620B8323E007FB27D /* LoginViewController */,
				424BD38320B83237007FB27D /* SignUpViewController */,
				424BD3A820B84634007FB27D /* UIProtocols */,
			);
			path = ViewControllers;
			sourceTree = "<group>";
		};
		4294944320B55C1A00E27E77 /* BaseViewController */ = {
			isa = PBXGroup;
			children = (
				4294942F20B55B8F00E27E77 /* ViewController.swift */,
				424BD39620B837A6007FB27D /* ViewModel.swift */,
			);
			path = BaseViewController;
			sourceTree = "<group>";
		};
		4294945020B58B5600E27E77 /* Lib */ = {
			isa = PBXGroup;
			children = (
				424BD38920B83287007FB27D /* Extensions */,
				4294945820B5B66900E27E77 /* Utilities */,
			);
			path = Lib;
			sourceTree = "<group>";
		};
		4294945820B5B66900E27E77 /* Utilities */ = {
			isa = PBXGroup;
			children = (
				421140ED20BC44B8006D82A9 /* LocationMnager */,
				4294945920B5B67400E27E77 /* Network */,
			);
			path = Utilities;
			sourceTree = "<group>";
		};
		4294945920B5B67400E27E77 /* Network */ = {
			isa = PBXGroup;
			children = (
				424BD34D20B6D506007FB27D /* APIConfiguration.swift */,
				424BD34520B69C59007FB27D /* BaseContext */,
				424BD37120B83143007FB27D /* Contexts */,
				424BD37620B8314C007FB27D /* Models */,
			);
			path = Network;
			sourceTree = "<group>";
		};
		42C672B320BC63A0001DF4F1 /* UIKit */ = {
			isa = PBXGroup;
			children = (
				42C672B420BC63AA001DF4F1 /* UIImage+Extensions.swift */,
			);
			path = UIKit;
			sourceTree = "<group>";
		};
		42C672B820BD6371001DF4F1 /* GifViewController */ = {
			isa = PBXGroup;
			children = (
				42C672B920BD6391001DF4F1 /* GifViewController.swift */,
				42C672BD20BD7175001DF4F1 /* GifViewModel.swift */,
			);
			path = GifViewController;
			sourceTree = "<group>";
		};
		42C672C420BD80E6001DF4F1 /* ActivityView */ = {
			isa = PBXGroup;
			children = (
				42C672C520BD80F2001DF4F1 /* ActivityView.swift */,
			);
			path = ActivityView;
			sourceTree = "<group>";
		};
		9E415A5D339F0166643B9F6E /* Pods */ = {
			isa = PBXGroup;
			children = (
				6BF86E33C694EA1209BD908C /* Pods-DoitUA.debug.xcconfig */,
				2E5012474FE41633AD3A29E2 /* Pods-DoitUA.release.xcconfig */,
			);
			name = Pods;
			sourceTree = "<group>";
		};
/* End PBXGroup section */

/* Begin PBXNativeTarget section */
		4294942920B55B8F00E27E77 /* DoitUA */ = {
			isa = PBXNativeTarget;
			buildConfigurationList = 4294943C20B55B9000E27E77 /* Build configuration list for PBXNativeTarget "DoitUA" */;
			buildPhases = (
				1F91012E693EEE7A90C4DFAF /* [CP] Check Pods Manifest.lock */,
				4294942620B55B8F00E27E77 /* Sources */,
				4294942720B55B8F00E27E77 /* Frameworks */,
				4294942820B55B8F00E27E77 /* Resources */,
				FB11FE901D993E2A5EFDDCE1 /* [CP] Embed Pods Frameworks */,
			);
			buildRules = (
			);
			dependencies = (
			);
			name = DoitUA;
			productName = DoitUA;
			productReference = 4294942A20B55B8F00E27E77 /* DoitUA.app */;
			productType = "com.apple.product-type.application";
		};
/* End PBXNativeTarget section */

/* Begin PBXProject section */
		4294942220B55B8F00E27E77 /* Project object */ = {
			isa = PBXProject;
			attributes = {
				LastSwiftUpdateCheck = 0930;
				LastUpgradeCheck = 0930;
				ORGANIZATIONNAME = "Daria Kovalenko";
				TargetAttributes = {
					4294942920B55B8F00E27E77 = {
						CreatedOnToolsVersion = 9.3;
					};
				};
			};
			buildConfigurationList = 4294942520B55B8F00E27E77 /* Build configuration list for PBXProject "DoitUA" */;
			compatibilityVersion = "Xcode 9.3";
			developmentRegion = en;
			hasScannedForEncodings = 0;
			knownRegions = (
				en,
				Base,
			);
			mainGroup = 4294942120B55B8F00E27E77;
			productRefGroup = 4294942B20B55B8F00E27E77 /* Products */;
			projectDirPath = "";
			projectRoot = "";
			targets = (
				4294942920B55B8F00E27E77 /* DoitUA */,
			);
		};
/* End PBXProject section */

/* Begin PBXResourcesBuildPhase section */
		4294942820B55B8F00E27E77 /* Resources */ = {
			isa = PBXResourcesBuildPhase;
			buildActionMask = 2147483647;
			files = (
				424BD36C20B82B85007FB27D /* Main.storyboard in Resources */,
				4294943820B55B9000E27E77 /* LaunchScreen.storyboard in Resources */,
				4294943520B55B9000E27E77 /* Assets.xcassets in Resources */,
				421140E220BC31CC006D82A9 /* ImagesViewController.storyboard in Resources */,
			);
			runOnlyForDeploymentPostprocessing = 0;
		};
/* End PBXResourcesBuildPhase section */

/* Begin PBXShellScriptBuildPhase section */
		1F91012E693EEE7A90C4DFAF /* [CP] Check Pods Manifest.lock */ = {
			isa = PBXShellScriptBuildPhase;
			buildActionMask = 2147483647;
			files = (
			);
			inputPaths = (
				"${PODS_PODFILE_DIR_PATH}/Podfile.lock",
				"${PODS_ROOT}/Manifest.lock",
			);
			name = "[CP] Check Pods Manifest.lock";
			outputPaths = (
				"$(DERIVED_FILE_DIR)/Pods-DoitUA-checkManifestLockResult.txt",
			);
			runOnlyForDeploymentPostprocessing = 0;
			shellPath = /bin/sh;
			shellScript = "diff \"${PODS_PODFILE_DIR_PATH}/Podfile.lock\" \"${PODS_ROOT}/Manifest.lock\" > /dev/null\nif [ $? != 0 ] ; then\n    # print error to STDERR\n    echo \"error: The sandbox is not in sync with the Podfile.lock. Run 'pod install' or update your CocoaPods installation.\" >&2\n    exit 1\nfi\n# This output is used by Xcode 'outputs' to avoid re-running this script phase.\necho \"SUCCESS\" > \"${SCRIPT_OUTPUT_FILE_0}\"\n";
			showEnvVarsInLog = 0;
		};
		FB11FE901D993E2A5EFDDCE1 /* [CP] Embed Pods Frameworks */ = {
			isa = PBXShellScriptBuildPhase;
			buildActionMask = 2147483647;
			files = (
			);
			inputPaths = (
				"${SRCROOT}/Pods/Target Support Files/Pods-DoitUA/Pods-DoitUA-frameworks.sh",
				"${BUILT_PRODUCTS_DIR}/Kingfisher/Kingfisher.framework",
				"${BUILT_PRODUCTS_DIR}/SwiftGifOrigin/SwiftGifOrigin.framework",
			);
			name = "[CP] Embed Pods Frameworks";
			outputPaths = (
				"${TARGET_BUILD_DIR}/${FRAMEWORKS_FOLDER_PATH}/Kingfisher.framework",
				"${TARGET_BUILD_DIR}/${FRAMEWORKS_FOLDER_PATH}/SwiftGifOrigin.framework",
			);
			runOnlyForDeploymentPostprocessing = 0;
			shellPath = /bin/sh;
			shellScript = "\"${SRCROOT}/Pods/Target Support Files/Pods-DoitUA/Pods-DoitUA-frameworks.sh\"\n";
			showEnvVarsInLog = 0;
		};
/* End PBXShellScriptBuildPhase section */

/* Begin PBXSourcesBuildPhase section */
		4294942620B55B8F00E27E77 /* Sources */ = {
			isa = PBXSourcesBuildPhase;
			buildActionMask = 2147483647;
			files = (
				424BD38820B8323E007FB27D /* LoginViewController.swift in Sources */,
				421140DF20BBEF11006D82A9 /* ScrollableView.swift in Sources */,
				424BD37420B83143007FB27D /* LoginContext.swift in Sources */,
				42C672CB20BD9273001DF4F1 /* RootPresenter.swift in Sources */,
				42C672B220BC607A001DF4F1 /* NibLoaded.swift in Sources */,
				424BD37520B83143007FB27D /* SignUpContext.swift in Sources */,
				42C672B520BC63AA001DF4F1 /* UIImage+Extensions.swift in Sources */,
				424BD39C20B83B4A007FB27D /* SignUpViewModel.swift in Sources */,
				424BD37A20B83190007FB27D /* View.swift in Sources */,
				421140F220BC46DA006D82A9 /* ImagesViewModel.swift in Sources */,
				421140F520BC532F006D82A9 /* ImageCollectionViewCell.swift in Sources */,
				424BD35220B6DAA5007FB27D /* NetworkContext.swift in Sources */,
				424BD3AA20B8464D007FB27D /* ImageSelector.swift in Sources */,
				421140EF20BC44F9006D82A9 /* ImagesContext.swift in Sources */,
				42C672C620BD80F2001DF4F1 /* ActivityView.swift in Sources */,
				424BD39920B838AD007FB27D /* NSErrorExtensions.swift in Sources */,
				424BD39720B837A7007FB27D /* ViewModel.swift in Sources */,
				424BD34A20B69F9B007FB27D /* NetworkRequest.swift in Sources */,
				421140EA20BC31E2006D82A9 /* ImageViewModel.swift in Sources */,
				421140EC20BC4043006D82A9 /* LocationManager.swift in Sources */,
				424BD34E20B6D506007FB27D /* APIConfiguration.swift in Sources */,
				4294943020B55B8F00E27E77 /* ViewController.swift in Sources */,
				42C672BE20BD7175001DF4F1 /* GifViewModel.swift in Sources */,
				424BD34720B69C74007FB27D /* Context.swift in Sources */,
				424BD39120B835D6007FB27D /* LoginViewModel.swift in Sources */,
				421140E820BC31E2006D82A9 /* ImagesViewController.swift in Sources */,
				42C672CD20BD9289001DF4F1 /* LoginPresenter.swift in Sources */,
				424BD38C20B83287007FB27D /* NotificationNameExtensions.swift in Sources */,
				42C672C920BD91EC001DF4F1 /* SessionFetcher.swift in Sources */,
				4294942E20B55B8F00E27E77 /* AppDelegate.swift in Sources */,
				424BD3B220B8766B007FB27D /* ImageContext.swift in Sources */,
				424BD37820B8314C007FB27D /* Session.swift in Sources */,
				42C672BA20BD6391001DF4F1 /* GifViewController.swift in Sources */,
				42C672D320BDB07C001DF4F1 /* ErrorExtensions.swift in Sources */,
				424BD38520B83237007FB27D /* SignUpViewController.swift in Sources */,
				421140E920BC31E2006D82A9 /* ImageViewController.swift in Sources */,
				42C672B020BC5D37001DF4F1 /* Reusable.swift in Sources */,
				42C672BC20BD70C9001DF4F1 /* GifContext.swift in Sources */,
				424BD3B420B8767B007FB27D /* Image.swift in Sources */,
			);
			runOnlyForDeploymentPostprocessing = 0;
		};
/* End PBXSourcesBuildPhase section */

/* Begin PBXVariantGroup section */
		421140E020BC31CC006D82A9 /* ImagesViewController.storyboard */ = {
			isa = PBXVariantGroup;
			children = (
				421140E120BC31CC006D82A9 /* Base */,
			);
			name = ImagesViewController.storyboard;
			sourceTree = "<group>";
		};
		424BD36A20B82B85007FB27D /* Main.storyboard */ = {
			isa = PBXVariantGroup;
			children = (
				424BD36B20B82B85007FB27D /* Base */,
			);
			name = Main.storyboard;
			sourceTree = "<group>";
		};
		4294943620B55B9000E27E77 /* LaunchScreen.storyboard */ = {
			isa = PBXVariantGroup;
			children = (
				4294943720B55B9000E27E77 /* Base */,
			);
			name = LaunchScreen.storyboard;
			sourceTree = "<group>";
		};
/* End PBXVariantGroup section */

/* Begin XCBuildConfiguration section */
		4294943A20B55B9000E27E77 /* Debug */ = {
			isa = XCBuildConfiguration;
			buildSettings = {
				ALWAYS_SEARCH_USER_PATHS = NO;
				CLANG_ANALYZER_NONNULL = YES;
				CLANG_ANALYZER_NUMBER_OBJECT_CONVERSION = YES_AGGRESSIVE;
				CLANG_CXX_LANGUAGE_STANDARD = "gnu++14";
				CLANG_CXX_LIBRARY = "libc++";
				CLANG_ENABLE_MODULES = YES;
				CLANG_ENABLE_OBJC_ARC = YES;
				CLANG_ENABLE_OBJC_WEAK = YES;
				CLANG_WARN_BLOCK_CAPTURE_AUTORELEASING = YES;
				CLANG_WARN_BOOL_CONVERSION = YES;
				CLANG_WARN_COMMA = YES;
				CLANG_WARN_CONSTANT_CONVERSION = YES;
				CLANG_WARN_DEPRECATED_OBJC_IMPLEMENTATIONS = YES;
				CLANG_WARN_DIRECT_OBJC_ISA_USAGE = YES_ERROR;
				CLANG_WARN_DOCUMENTATION_COMMENTS = YES;
				CLANG_WARN_EMPTY_BODY = YES;
				CLANG_WARN_ENUM_CONVERSION = YES;
				CLANG_WARN_INFINITE_RECURSION = YES;
				CLANG_WARN_INT_CONVERSION = YES;
				CLANG_WARN_NON_LITERAL_NULL_CONVERSION = YES;
				CLANG_WARN_OBJC_IMPLICIT_RETAIN_SELF = YES;
				CLANG_WARN_OBJC_LITERAL_CONVERSION = YES;
				CLANG_WARN_OBJC_ROOT_CLASS = YES_ERROR;
				CLANG_WARN_RANGE_LOOP_ANALYSIS = YES;
				CLANG_WARN_STRICT_PROTOTYPES = YES;
				CLANG_WARN_SUSPICIOUS_MOVE = YES;
				CLANG_WARN_UNGUARDED_AVAILABILITY = YES_AGGRESSIVE;
				CLANG_WARN_UNREACHABLE_CODE = YES;
				CLANG_WARN__DUPLICATE_METHOD_MATCH = YES;
				CODE_SIGN_IDENTITY = "iPhone Developer";
				COPY_PHASE_STRIP = NO;
				DEBUG_INFORMATION_FORMAT = dwarf;
				ENABLE_STRICT_OBJC_MSGSEND = YES;
				ENABLE_TESTABILITY = YES;
				GCC_C_LANGUAGE_STANDARD = gnu11;
				GCC_DYNAMIC_NO_PIC = NO;
				GCC_NO_COMMON_BLOCKS = YES;
				GCC_OPTIMIZATION_LEVEL = 0;
				GCC_PREPROCESSOR_DEFINITIONS = (
					"DEBUG=1",
					"$(inherited)",
				);
				GCC_WARN_64_TO_32_BIT_CONVERSION = YES;
				GCC_WARN_ABOUT_RETURN_TYPE = YES_ERROR;
				GCC_WARN_UNDECLARED_SELECTOR = YES;
				GCC_WARN_UNINITIALIZED_AUTOS = YES_AGGRESSIVE;
				GCC_WARN_UNUSED_FUNCTION = YES;
				GCC_WARN_UNUSED_VARIABLE = YES;
				IPHONEOS_DEPLOYMENT_TARGET = 11.3;
				MTL_ENABLE_DEBUG_INFO = YES;
				ONLY_ACTIVE_ARCH = YES;
				SDKROOT = iphoneos;
				SWIFT_ACTIVE_COMPILATION_CONDITIONS = DEBUG;
				SWIFT_OPTIMIZATION_LEVEL = "-Onone";
			};
			name = Debug;
		};
		4294943B20B55B9000E27E77 /* Release */ = {
			isa = XCBuildConfiguration;
			buildSettings = {
				ALWAYS_SEARCH_USER_PATHS = NO;
				CLANG_ANALYZER_NONNULL = YES;
				CLANG_ANALYZER_NUMBER_OBJECT_CONVERSION = YES_AGGRESSIVE;
				CLANG_CXX_LANGUAGE_STANDARD = "gnu++14";
				CLANG_CXX_LIBRARY = "libc++";
				CLANG_ENABLE_MODULES = YES;
				CLANG_ENABLE_OBJC_ARC = YES;
				CLANG_ENABLE_OBJC_WEAK = YES;
				CLANG_WARN_BLOCK_CAPTURE_AUTORELEASING = YES;
				CLANG_WARN_BOOL_CONVERSION = YES;
				CLANG_WARN_COMMA = YES;
				CLANG_WARN_CONSTANT_CONVERSION = YES;
				CLANG_WARN_DEPRECATED_OBJC_IMPLEMENTATIONS = YES;
				CLANG_WARN_DIRECT_OBJC_ISA_USAGE = YES_ERROR;
				CLANG_WARN_DOCUMENTATION_COMMENTS = YES;
				CLANG_WARN_EMPTY_BODY = YES;
				CLANG_WARN_ENUM_CONVERSION = YES;
				CLANG_WARN_INFINITE_RECURSION = YES;
				CLANG_WARN_INT_CONVERSION = YES;
				CLANG_WARN_NON_LITERAL_NULL_CONVERSION = YES;
				CLANG_WARN_OBJC_IMPLICIT_RETAIN_SELF = YES;
				CLANG_WARN_OBJC_LITERAL_CONVERSION = YES;
				CLANG_WARN_OBJC_ROOT_CLASS = YES_ERROR;
				CLANG_WARN_RANGE_LOOP_ANALYSIS = YES;
				CLANG_WARN_STRICT_PROTOTYPES = YES;
				CLANG_WARN_SUSPICIOUS_MOVE = YES;
				CLANG_WARN_UNGUARDED_AVAILABILITY = YES_AGGRESSIVE;
				CLANG_WARN_UNREACHABLE_CODE = YES;
				CLANG_WARN__DUPLICATE_METHOD_MATCH = YES;
				CODE_SIGN_IDENTITY = "iPhone Developer";
				COPY_PHASE_STRIP = NO;
				DEBUG_INFORMATION_FORMAT = "dwarf-with-dsym";
				ENABLE_NS_ASSERTIONS = NO;
				ENABLE_STRICT_OBJC_MSGSEND = YES;
				GCC_C_LANGUAGE_STANDARD = gnu11;
				GCC_NO_COMMON_BLOCKS = YES;
				GCC_WARN_64_TO_32_BIT_CONVERSION = YES;
				GCC_WARN_ABOUT_RETURN_TYPE = YES_ERROR;
				GCC_WARN_UNDECLARED_SELECTOR = YES;
				GCC_WARN_UNINITIALIZED_AUTOS = YES_AGGRESSIVE;
				GCC_WARN_UNUSED_FUNCTION = YES;
				GCC_WARN_UNUSED_VARIABLE = YES;
				IPHONEOS_DEPLOYMENT_TARGET = 11.3;
				MTL_ENABLE_DEBUG_INFO = NO;
				SDKROOT = iphoneos;
				SWIFT_COMPILATION_MODE = wholemodule;
				SWIFT_OPTIMIZATION_LEVEL = "-O";
				VALIDATE_PRODUCT = YES;
			};
			name = Release;
		};
		4294943D20B55B9000E27E77 /* Debug */ = {
			isa = XCBuildConfiguration;
			baseConfigurationReference = 6BF86E33C694EA1209BD908C /* Pods-DoitUA.debug.xcconfig */;
			buildSettings = {
				ASSETCATALOG_COMPILER_APPICON_NAME = AppIcon;
				CODE_SIGN_STYLE = Automatic;
				DEVELOPMENT_TEAM = WKY2745G4T;
				INFOPLIST_FILE = DoitUA/Info.plist;
				IPHONEOS_DEPLOYMENT_TARGET = 10.0;
				LD_RUNPATH_SEARCH_PATHS = (
					"$(inherited)",
					"@executable_path/Frameworks",
				);
				PRODUCT_BUNDLE_IDENTIFIER = com.anadea.DoitUA;
				PRODUCT_NAME = "$(TARGET_NAME)";
				SWIFT_VERSION = 4.0;
				TARGETED_DEVICE_FAMILY = "1,2";
			};
			name = Debug;
		};
		4294943E20B55B9000E27E77 /* Release */ = {
			isa = XCBuildConfiguration;
			baseConfigurationReference = 2E5012474FE41633AD3A29E2 /* Pods-DoitUA.release.xcconfig */;
			buildSettings = {
				ASSETCATALOG_COMPILER_APPICON_NAME = AppIcon;
				CODE_SIGN_STYLE = Automatic;
				DEVELOPMENT_TEAM = WKY2745G4T;
				INFOPLIST_FILE = DoitUA/Info.plist;
				IPHONEOS_DEPLOYMENT_TARGET = 10.0;
				LD_RUNPATH_SEARCH_PATHS = (
					"$(inherited)",
					"@executable_path/Frameworks",
				);
				PRODUCT_BUNDLE_IDENTIFIER = com.anadea.DoitUA;
				PRODUCT_NAME = "$(TARGET_NAME)";
				SWIFT_VERSION = 4.0;
				TARGETED_DEVICE_FAMILY = "1,2";
			};
			name = Release;
		};
/* End XCBuildConfiguration section */

/* Begin XCConfigurationList section */
		4294942520B55B8F00E27E77 /* Build configuration list for PBXProject "DoitUA" */ = {
			isa = XCConfigurationList;
			buildConfigurations = (
				4294943A20B55B9000E27E77 /* Debug */,
				4294943B20B55B9000E27E77 /* Release */,
			);
			defaultConfigurationIsVisible = 0;
			defaultConfigurationName = Release;
		};
		4294943C20B55B9000E27E77 /* Build configuration list for PBXNativeTarget "DoitUA" */ = {
			isa = XCConfigurationList;
			buildConfigurations = (
				4294943D20B55B9000E27E77 /* Debug */,
				4294943E20B55B9000E27E77 /* Release */,
			);
			defaultConfigurationIsVisible = 0;
			defaultConfigurationName = Release;
		};
/* End XCConfigurationList section */
	};
	rootObject = 4294942220B55B8F00E27E77 /* Project object */;
}
